Microsoft Visual Studio Solution File, Format Version 8.00
Project("{8BC9CEB8-8B4A-11D0-8D11-00A0C91BC942}") = "process", "process.vcproj", "{6BAF12BA-A3B3-4BE5-9EC6-B3C4B54FA06F}"
	ProjectSection(ProjectDependencies) = postProject
	EndProjectSection
EndProject
Global
	GlobalSection(SolutionConfiguration) = preSolution
		Debug = Debug
		Release = Release
	EndGlobalSection
	GlobalSection(ProjectConfiguration) = postSolution
		{6BAF12BA-A3B3-4BE5-9EC6-B3C4B54FA06F}.Debug.ActiveCfg = Debug|Win32
		{6BAF12BA-A3B3-4BE5-9EC6-B3C4B54FA06F}.Debug.Build.0 = Debug|Win32
		{6BAF12BA-A3B3-4BE5-9EC6-B3C4B54FA06F}.Release.ActiveCfg = Release|Win32
		{6BAF12BA-A3B3-4BE5-9EC6-B3C4B54FA06F}.Release.Build.0 = Release|Win32
	EndGlobalSection
	GlobalSection(ExtensibilityGlobals) = postSolution
	EndGlobalSection
	GlobalSection(ExtensibilityAddIns) = postSolution
	EndGlobalSection
EndGlobal
